
Microsoft Visual Studio Solution File, Format Version 12.00
# Visual Studio Version 16
VisualStudioVersion = 16.0.31729.503
MinimumVisualStudioVersion = 10.0.40219.1
Project("{2150E333-8FDC-42A3-9474-1A3956D46DE8}") = "Core", "Core", "{5DC8F80F-EDEB-468F-95EC-7D5009F2BAC4}"
EndProject
Project("{2150E333-8FDC-42A3-9474-1A3956D46DE8}") = "Services", "Services", "{25964BD5-F49D-4B2B-B893-9402AB759FF3}"
EndProject
Project("{2150E333-8FDC-42A3-9474-1A3956D46DE8}") = "Cadastro", "Cadastro", "{6A42CE0C-BC26-42B6-8A86-DD6D2AE81DA2}"
EndProject
Project("{2150E333-8FDC-42A3-9474-1A3956D46DE8}") = "BenchmarkConsole", "BenchmarkConsole", "{BB2672A3-25F7-4FC5-90C1-EFB899F0A95F}"
EndProject
Project("{2150E333-8FDC-42A3-9474-1A3956D46DE8}") = "Auditoria", "Auditoria", "{464C73A7-9B04-4CCA-8D76-353A51144D28}"
EndProject
Project("{9A19103F-16F7-4668-BE54-9A1E7A4F7556}") = "Auditoria.API", "src\Auditoria\Auditoria.API.csproj", "{64E9FEE9-2F7D-42DC-94DD-27163A0FD8EE}"
EndProject
Project("{9A19103F-16F7-4668-BE54-9A1E7A4F7556}") = "BenchmarkConsole", "src\BenchmarkConsole\BenchmarkConsole.csproj", "{2FE159DA-C9B2-460E-B642-93A1B779D245}"
EndProject
Project("{9A19103F-16F7-4668-BE54-9A1E7A4F7556}") = "CQRS.Core", "src\CQRS.Core\CQRS.Core.csproj", "{3D8B94EE-A5DB-4907-90E0-590DB94982D0}"
EndProject
Project("{9A19103F-16F7-4668-BE54-9A1E7A4F7556}") = "Cadastro.API", "src\Cadastro\Cadastro.API\Cadastro.API.csproj", "{3F0BE970-22A0-41BA-8CAB-005B930D306E}"
EndProject
Project("{9A19103F-16F7-4668-BE54-9A1E7A4F7556}") = "Cadastro.Application", "src\Cadastro\Cadastro.Application\Cadastro.Application.csproj", "{B5DFA119-488B-4946-A67D-1ED32C74F909}"
EndProject
Project("{9A19103F-16F7-4668-BE54-9A1E7A4F7556}") = "Cadastro.Domain", "src\Cadastro\Cadastro.Domain\Cadastro.Domain.csproj", "{6B247C25-ED78-4E59-9F5A-4B9E25F395AC}"
EndProject
Project("{9A19103F-16F7-4668-BE54-9A1E7A4F7556}") = "Cadastro.Infrastructure", "src\Cadastro\Cadastro.Infrastructure\Cadastro.Infrastructure.csproj", "{0A2D16A5-A93C-4894-AE7C-9DF655A261C2}"
EndProject
Global
	GlobalSection(SolutionConfigurationPlatforms) = preSolution
		Debug|Any CPU = Debug|Any CPU
		Release|Any CPU = Release|Any CPU
	EndGlobalSection
	GlobalSection(ProjectConfigurationPlatforms) = postSolution
		{64E9FEE9-2F7D-42DC-94DD-27163A0FD8EE}.Debug|Any CPU.ActiveCfg = Debug|Any CPU
		{64E9FEE9-2F7D-42DC-94DD-27163A0FD8EE}.Debug|Any CPU.Build.0 = Debug|Any CPU
		{64E9FEE9-2F7D-42DC-94DD-27163A0FD8EE}.Release|Any CPU.ActiveCfg = Release|Any CPU
		{64E9FEE9-2F7D-42DC-94DD-27163A0FD8EE}.Release|Any CPU.Build.0 = Release|Any CPU
		{2FE159DA-C9B2-460E-B642-93A1B779D245}.Debug|Any CPU.ActiveCfg = Debug|Any CPU
		{2FE159DA-C9B2-460E-B642-93A1B779D245}.Debug|Any CPU.Build.0 = Debug|Any CPU
		{2FE159DA-C9B2-460E-B642-93A1B779D245}.Release|Any CPU.ActiveCfg = Release|Any CPU
		{2FE159DA-C9B2-460E-B642-93A1B779D245}.Release|Any CPU.Build.0 = Release|Any CPU
		{3D8B94EE-A5DB-4907-90E0-590DB94982D0}.Debug|Any CPU.ActiveCfg = Debug|Any CPU
		{3D8B94EE-A5DB-4907-90E0-590DB94982D0}.Debug|Any CPU.Build.0 = Debug|Any CPU
		{3D8B94EE-A5DB-4907-90E0-590DB94982D0}.Release|Any CPU.ActiveCfg = Release|Any CPU
		{3D8B94EE-A5DB-4907-90E0-590DB94982D0}.Release|Any CPU.Build.0 = Release|Any CPU
		{3F0BE970-22A0-41BA-8CAB-005B930D306E}.Debug|Any CPU.ActiveCfg = Debug|Any CPU
		{3F0BE970-22A0-41BA-8CAB-005B930D306E}.Debug|Any CPU.Build.0 = Debug|Any CPU
		{3F0BE970-22A0-41BA-8CAB-005B930D306E}.Release|Any CPU.ActiveCfg = Release|Any CPU
		{3F0BE970-22A0-41BA-8CAB-005B930D306E}.Release|Any CPU.Build.0 = Release|Any CPU
		{B5DFA119-488B-4946-A67D-1ED32C74F909}.Debug|Any CPU.ActiveCfg = Debug|Any CPU
		{B5DFA119-488B-4946-A67D-1ED32C74F909}.Debug|Any CPU.Build.0 = Debug|Any CPU
		{B5DFA119-488B-4946-A67D-1ED32C74F909}.Release|Any CPU.ActiveCfg = Release|Any CPU
		{B5DFA119-488B-4946-A67D-1ED32C74F909}.Release|Any CPU.Build.0 = Release|Any CPU
		{6B247C25-ED78-4E59-9F5A-4B9E25F395AC}.Debug|Any CPU.ActiveCfg = Debug|Any CPU
		{6B247C25-ED78-4E59-9F5A-4B9E25F395AC}.Debug|Any CPU.Build.0 = Debug|Any CPU
		{6B247C25-ED78-4E59-9F5A-4B9E25F395AC}.Release|Any CPU.ActiveCfg = Release|Any CPU
		{6B247C25-ED78-4E59-9F5A-4B9E25F395AC}.Release|Any CPU.Build.0 = Release|Any CPU
		{0A2D16A5-A93C-4894-AE7C-9DF655A261C2}.Debug|Any CPU.ActiveCfg = Debug|Any CPU
		{0A2D16A5-A93C-4894-AE7C-9DF655A261C2}.Debug|Any CPU.Build.0 = Debug|Any CPU
		{0A2D16A5-A93C-4894-AE7C-9DF655A261C2}.Release|Any CPU.ActiveCfg = Release|Any CPU
		{0A2D16A5-A93C-4894-AE7C-9DF655A261C2}.Release|Any CPU.Build.0 = Release|Any CPU
	EndGlobalSection
	GlobalSection(SolutionProperties) = preSolution
		HideSolutionNode = FALSE
	EndGlobalSection
	GlobalSection(NestedProjects) = preSolution
		{6A42CE0C-BC26-42B6-8A86-DD6D2AE81DA2} = {25964BD5-F49D-4B2B-B893-9402AB759FF3}
		{BB2672A3-25F7-4FC5-90C1-EFB899F0A95F} = {25964BD5-F49D-4B2B-B893-9402AB759FF3}
		{464C73A7-9B04-4CCA-8D76-353A51144D28} = {25964BD5-F49D-4B2B-B893-9402AB759FF3}
		{64E9FEE9-2F7D-42DC-94DD-27163A0FD8EE} = {464C73A7-9B04-4CCA-8D76-353A51144D28}
		{2FE159DA-C9B2-460E-B642-93A1B779D245} = {BB2672A3-25F7-4FC5-90C1-EFB899F0A95F}
		{3D8B94EE-A5DB-4907-90E0-590DB94982D0} = {5DC8F80F-EDEB-468F-95EC-7D5009F2BAC4}
		{3F0BE970-22A0-41BA-8CAB-005B930D306E} = {6A42CE0C-BC26-42B6-8A86-DD6D2AE81DA2}
		{B5DFA119-488B-4946-A67D-1ED32C74F909} = {6A42CE0C-BC26-42B6-8A86-DD6D2AE81DA2}
		{6B247C25-ED78-4E59-9F5A-4B9E25F395AC} = {6A42CE0C-BC26-42B6-8A86-DD6D2AE81DA2}
		{0A2D16A5-A93C-4894-AE7C-9DF655A261C2} = {6A42CE0C-BC26-42B6-8A86-DD6D2AE81DA2}
	EndGlobalSection
	GlobalSection(ExtensibilityGlobals) = postSolution
		SolutionGuid = {EDEE870D-C5D7-435F-9030-2026EABC6EA8}
	EndGlobalSection
EndGlobal
