
Microsoft Visual Studio Solution File, Format Version 12.00
# Visual Studio Version 16
VisualStudioVersion = 16.0.31729.503
MinimumVisualStudioVersion = 10.0.40219.1
Project("{9A19103F-16F7-4668-BE54-9A1E7A4F7556}") = "CQRS.Core", "src\Core\CQRS.Core\CQRS.Core.csproj", "{DEB8E8BB-0C6A-4391-8A45-2714E0545D99}"
EndProject
Project("{2150E333-8FDC-42A3-9474-1A3956D46DE8}") = "Core", "Core", "{5DC8F80F-EDEB-468F-95EC-7D5009F2BAC4}"
EndProject
Project("{2150E333-8FDC-42A3-9474-1A3956D46DE8}") = "Services", "Services", "{25964BD5-F49D-4B2B-B893-9402AB759FF3}"
EndProject
Project("{2150E333-8FDC-42A3-9474-1A3956D46DE8}") = "CQRS", "CQRS", "{6A42CE0C-BC26-42B6-8A86-DD6D2AE81DA2}"
EndProject
Project("{9A19103F-16F7-4668-BE54-9A1E7A4F7556}") = "CQRS.API", "src\CQRS\CQRS.API\CQRS.API.csproj", "{8DD78E4F-4F37-4004-9B33-C79DF437142E}"
EndProject
Project("{9A19103F-16F7-4668-BE54-9A1E7A4F7556}") = "CQRS.Application", "src\CQRS\CQRS.Application\CQRS.Application.csproj", "{321A8E63-9FAE-4E63-B6AC-96CAD3AEC3D1}"
EndProject
Project("{9A19103F-16F7-4668-BE54-9A1E7A4F7556}") = "CQRS.Domain", "src\CQRS\CQRS.Domain\CQRS.Domain.csproj", "{A36D91B6-DB60-46D4-868D-C0EF6B2E8504}"
EndProject
Project("{9A19103F-16F7-4668-BE54-9A1E7A4F7556}") = "CQRS.Infrastructure", "src\CQRS\CQRS.Infrastructure\CQRS.Infrastructure.csproj", "{C0021593-91A0-4DD5-8981-6D05F67256F1}"
EndProject
Project("{2150E333-8FDC-42A3-9474-1A3956D46DE8}") = "BenchmarkConsole", "BenchmarkConsole", "{BB2672A3-25F7-4FC5-90C1-EFB899F0A95F}"
EndProject
Project("{2150E333-8FDC-42A3-9474-1A3956D46DE8}") = "Auditoria", "Auditoria", "{464C73A7-9B04-4CCA-8D76-353A51144D28}"
EndProject
Project("{9A19103F-16F7-4668-BE54-9A1E7A4F7556}") = "AuditoriaAPI", "src\Auditoria\AuditoriaAPI.csproj", "{64E9FEE9-2F7D-42DC-94DD-27163A0FD8EE}"
EndProject
Project("{9A19103F-16F7-4668-BE54-9A1E7A4F7556}") = "CQRS.BenchmarkConsole", "src\BenchmarkConsole\CQRS.BenchmarkConsole.csproj", "{2FE159DA-C9B2-460E-B642-93A1B779D245}"
EndProject
Global
	GlobalSection(SolutionConfigurationPlatforms) = preSolution
		Debug|Any CPU = Debug|Any CPU
		Release|Any CPU = Release|Any CPU
	EndGlobalSection
	GlobalSection(ProjectConfigurationPlatforms) = postSolution
		{DEB8E8BB-0C6A-4391-8A45-2714E0545D99}.Debug|Any CPU.ActiveCfg = Debug|Any CPU
		{DEB8E8BB-0C6A-4391-8A45-2714E0545D99}.Debug|Any CPU.Build.0 = Debug|Any CPU
		{DEB8E8BB-0C6A-4391-8A45-2714E0545D99}.Release|Any CPU.ActiveCfg = Release|Any CPU
		{DEB8E8BB-0C6A-4391-8A45-2714E0545D99}.Release|Any CPU.Build.0 = Release|Any CPU
		{8DD78E4F-4F37-4004-9B33-C79DF437142E}.Debug|Any CPU.ActiveCfg = Debug|Any CPU
		{8DD78E4F-4F37-4004-9B33-C79DF437142E}.Debug|Any CPU.Build.0 = Debug|Any CPU
		{8DD78E4F-4F37-4004-9B33-C79DF437142E}.Release|Any CPU.ActiveCfg = Release|Any CPU
		{8DD78E4F-4F37-4004-9B33-C79DF437142E}.Release|Any CPU.Build.0 = Release|Any CPU
		{321A8E63-9FAE-4E63-B6AC-96CAD3AEC3D1}.Debug|Any CPU.ActiveCfg = Debug|Any CPU
		{321A8E63-9FAE-4E63-B6AC-96CAD3AEC3D1}.Debug|Any CPU.Build.0 = Debug|Any CPU
		{321A8E63-9FAE-4E63-B6AC-96CAD3AEC3D1}.Release|Any CPU.ActiveCfg = Release|Any CPU
		{321A8E63-9FAE-4E63-B6AC-96CAD3AEC3D1}.Release|Any CPU.Build.0 = Release|Any CPU
		{A36D91B6-DB60-46D4-868D-C0EF6B2E8504}.Debug|Any CPU.ActiveCfg = Debug|Any CPU
		{A36D91B6-DB60-46D4-868D-C0EF6B2E8504}.Debug|Any CPU.Build.0 = Debug|Any CPU
		{A36D91B6-DB60-46D4-868D-C0EF6B2E8504}.Release|Any CPU.ActiveCfg = Release|Any CPU
		{A36D91B6-DB60-46D4-868D-C0EF6B2E8504}.Release|Any CPU.Build.0 = Release|Any CPU
		{C0021593-91A0-4DD5-8981-6D05F67256F1}.Debug|Any CPU.ActiveCfg = Debug|Any CPU
		{C0021593-91A0-4DD5-8981-6D05F67256F1}.Debug|Any CPU.Build.0 = Debug|Any CPU
		{C0021593-91A0-4DD5-8981-6D05F67256F1}.Release|Any CPU.ActiveCfg = Release|Any CPU
		{C0021593-91A0-4DD5-8981-6D05F67256F1}.Release|Any CPU.Build.0 = Release|Any CPU
		{64E9FEE9-2F7D-42DC-94DD-27163A0FD8EE}.Debug|Any CPU.ActiveCfg = Debug|Any CPU
		{64E9FEE9-2F7D-42DC-94DD-27163A0FD8EE}.Debug|Any CPU.Build.0 = Debug|Any CPU
		{64E9FEE9-2F7D-42DC-94DD-27163A0FD8EE}.Release|Any CPU.ActiveCfg = Release|Any CPU
		{64E9FEE9-2F7D-42DC-94DD-27163A0FD8EE}.Release|Any CPU.Build.0 = Release|Any CPU
		{2FE159DA-C9B2-460E-B642-93A1B779D245}.Debug|Any CPU.ActiveCfg = Debug|Any CPU
		{2FE159DA-C9B2-460E-B642-93A1B779D245}.Debug|Any CPU.Build.0 = Debug|Any CPU
		{2FE159DA-C9B2-460E-B642-93A1B779D245}.Release|Any CPU.ActiveCfg = Release|Any CPU
		{2FE159DA-C9B2-460E-B642-93A1B779D245}.Release|Any CPU.Build.0 = Release|Any CPU
	EndGlobalSection
	GlobalSection(SolutionProperties) = preSolution
		HideSolutionNode = FALSE
	EndGlobalSection
	GlobalSection(NestedProjects) = preSolution
		{DEB8E8BB-0C6A-4391-8A45-2714E0545D99} = {5DC8F80F-EDEB-468F-95EC-7D5009F2BAC4}
		{6A42CE0C-BC26-42B6-8A86-DD6D2AE81DA2} = {25964BD5-F49D-4B2B-B893-9402AB759FF3}
		{8DD78E4F-4F37-4004-9B33-C79DF437142E} = {6A42CE0C-BC26-42B6-8A86-DD6D2AE81DA2}
		{321A8E63-9FAE-4E63-B6AC-96CAD3AEC3D1} = {6A42CE0C-BC26-42B6-8A86-DD6D2AE81DA2}
		{A36D91B6-DB60-46D4-868D-C0EF6B2E8504} = {6A42CE0C-BC26-42B6-8A86-DD6D2AE81DA2}
		{C0021593-91A0-4DD5-8981-6D05F67256F1} = {6A42CE0C-BC26-42B6-8A86-DD6D2AE81DA2}
		{BB2672A3-25F7-4FC5-90C1-EFB899F0A95F} = {25964BD5-F49D-4B2B-B893-9402AB759FF3}
		{464C73A7-9B04-4CCA-8D76-353A51144D28} = {25964BD5-F49D-4B2B-B893-9402AB759FF3}
		{64E9FEE9-2F7D-42DC-94DD-27163A0FD8EE} = {464C73A7-9B04-4CCA-8D76-353A51144D28}
		{2FE159DA-C9B2-460E-B642-93A1B779D245} = {BB2672A3-25F7-4FC5-90C1-EFB899F0A95F}
	EndGlobalSection
	GlobalSection(ExtensibilityGlobals) = postSolution
		SolutionGuid = {EDEE870D-C5D7-435F-9030-2026EABC6EA8}
	EndGlobalSection
EndGlobal
