
Microsoft Visual Studio Solution File, Format Version 12.00
# Visual Studio Version 16
VisualStudioVersion = 16.0.31702.278
MinimumVisualStudioVersion = 10.0.40219.1
Project("{9A19103F-16F7-4668-BE54-9A1E7A4F7556}") = "CQRS.API", "CQRS.API\CQRS.API.csproj", "{7347035D-BAFD-4468-BD63-5B3F8BD9BAE6}"
EndProject
Project("{9A19103F-16F7-4668-BE54-9A1E7A4F7556}") = "CQRS.Core", "CQRS.Core\CQRS.Core.csproj", "{0A8C750D-F7C5-459F-8F59-938FB90A56A8}"
EndProject
Project("{2150E333-8FDC-42A3-9474-1A3956D46DE8}") = "Services", "Services", "{0261F744-9D1D-4774-B80E-0CE9BF8D91CF}"
EndProject
Project("{2150E333-8FDC-42A3-9474-1A3956D46DE8}") = "Core", "Core", "{3CB8F0BF-4059-4D15-A93E-7E5B1C7F73DA}"
EndProject
Project("{9A19103F-16F7-4668-BE54-9A1E7A4F7556}") = "CQRS.Application", "CQRS.Application\CQRS.Application.csproj", "{3399765D-C1D4-48BA-B19C-71F75A4700F2}"
EndProject
Project("{9A19103F-16F7-4668-BE54-9A1E7A4F7556}") = "CQRS.Domain", "CQRS.Domain\CQRS.Domain.csproj", "{11BA90DD-A65B-4692-B079-D4976B51DFF6}"
EndProject
Project("{9A19103F-16F7-4668-BE54-9A1E7A4F7556}") = "CQRS.Infrastructure", "CQRS.Infrastructure\CQRS.Infrastructure.csproj", "{9DC5266D-3DF6-4014-B329-4FB2F51D16B9}"
EndProject
Project("{2150E333-8FDC-42A3-9474-1A3956D46DE8}") = "Console - Benchmark", "Console - Benchmark", "{6C6B313B-80D2-44D2-B4E6-A4178A4EE5FE}"
EndProject
Project("{2150E333-8FDC-42A3-9474-1A3956D46DE8}") = "API - CQRS", "API - CQRS", "{81231277-2838-4922-B132-A769108E02C7}"
EndProject
Project("{9A19103F-16F7-4668-BE54-9A1E7A4F7556}") = "CQRS.BenchmarkConsole", "CQRS.BenchmarkConsole\CQRS.BenchmarkConsole.csproj", "{63A6DDD4-A82D-43CC-B4FF-0D941BD46C77}"
EndProject
Project("{2150E333-8FDC-42A3-9474-1A3956D46DE8}") = "Kafka - Consumer", "Kafka - Consumer", "{661F5709-63CA-4661-A468-21414BC11221}"
EndProject
Project("{2150E333-8FDC-42A3-9474-1A3956D46DE8}") = "Kafka - Producer", "Kafka - Producer", "{A00A5E4F-780B-4A50-A946-2D8FB839A2BD}"
EndProject
Global
	GlobalSection(SolutionConfigurationPlatforms) = preSolution
		Debug|Any CPU = Debug|Any CPU
		Release|Any CPU = Release|Any CPU
	EndGlobalSection
	GlobalSection(ProjectConfigurationPlatforms) = postSolution
		{7347035D-BAFD-4468-BD63-5B3F8BD9BAE6}.Debug|Any CPU.ActiveCfg = Debug|Any CPU
		{7347035D-BAFD-4468-BD63-5B3F8BD9BAE6}.Debug|Any CPU.Build.0 = Debug|Any CPU
		{7347035D-BAFD-4468-BD63-5B3F8BD9BAE6}.Release|Any CPU.ActiveCfg = Release|Any CPU
		{7347035D-BAFD-4468-BD63-5B3F8BD9BAE6}.Release|Any CPU.Build.0 = Release|Any CPU
		{0A8C750D-F7C5-459F-8F59-938FB90A56A8}.Debug|Any CPU.ActiveCfg = Debug|Any CPU
		{0A8C750D-F7C5-459F-8F59-938FB90A56A8}.Debug|Any CPU.Build.0 = Debug|Any CPU
		{0A8C750D-F7C5-459F-8F59-938FB90A56A8}.Release|Any CPU.ActiveCfg = Release|Any CPU
		{0A8C750D-F7C5-459F-8F59-938FB90A56A8}.Release|Any CPU.Build.0 = Release|Any CPU
		{3399765D-C1D4-48BA-B19C-71F75A4700F2}.Debug|Any CPU.ActiveCfg = Debug|Any CPU
		{3399765D-C1D4-48BA-B19C-71F75A4700F2}.Debug|Any CPU.Build.0 = Debug|Any CPU
		{3399765D-C1D4-48BA-B19C-71F75A4700F2}.Release|Any CPU.ActiveCfg = Release|Any CPU
		{3399765D-C1D4-48BA-B19C-71F75A4700F2}.Release|Any CPU.Build.0 = Release|Any CPU
		{11BA90DD-A65B-4692-B079-D4976B51DFF6}.Debug|Any CPU.ActiveCfg = Debug|Any CPU
		{11BA90DD-A65B-4692-B079-D4976B51DFF6}.Debug|Any CPU.Build.0 = Debug|Any CPU
		{11BA90DD-A65B-4692-B079-D4976B51DFF6}.Release|Any CPU.ActiveCfg = Release|Any CPU
		{11BA90DD-A65B-4692-B079-D4976B51DFF6}.Release|Any CPU.Build.0 = Release|Any CPU
		{9DC5266D-3DF6-4014-B329-4FB2F51D16B9}.Debug|Any CPU.ActiveCfg = Debug|Any CPU
		{9DC5266D-3DF6-4014-B329-4FB2F51D16B9}.Debug|Any CPU.Build.0 = Debug|Any CPU
		{9DC5266D-3DF6-4014-B329-4FB2F51D16B9}.Release|Any CPU.ActiveCfg = Release|Any CPU
		{9DC5266D-3DF6-4014-B329-4FB2F51D16B9}.Release|Any CPU.Build.0 = Release|Any CPU
		{63A6DDD4-A82D-43CC-B4FF-0D941BD46C77}.Debug|Any CPU.ActiveCfg = Debug|Any CPU
		{63A6DDD4-A82D-43CC-B4FF-0D941BD46C77}.Debug|Any CPU.Build.0 = Debug|Any CPU
		{63A6DDD4-A82D-43CC-B4FF-0D941BD46C77}.Release|Any CPU.ActiveCfg = Release|Any CPU
		{63A6DDD4-A82D-43CC-B4FF-0D941BD46C77}.Release|Any CPU.Build.0 = Release|Any CPU
	EndGlobalSection
	GlobalSection(SolutionProperties) = preSolution
		HideSolutionNode = FALSE
	EndGlobalSection
	GlobalSection(NestedProjects) = preSolution
		{7347035D-BAFD-4468-BD63-5B3F8BD9BAE6} = {81231277-2838-4922-B132-A769108E02C7}
		{0A8C750D-F7C5-459F-8F59-938FB90A56A8} = {3CB8F0BF-4059-4D15-A93E-7E5B1C7F73DA}
		{3399765D-C1D4-48BA-B19C-71F75A4700F2} = {81231277-2838-4922-B132-A769108E02C7}
		{11BA90DD-A65B-4692-B079-D4976B51DFF6} = {81231277-2838-4922-B132-A769108E02C7}
		{9DC5266D-3DF6-4014-B329-4FB2F51D16B9} = {81231277-2838-4922-B132-A769108E02C7}
		{6C6B313B-80D2-44D2-B4E6-A4178A4EE5FE} = {0261F744-9D1D-4774-B80E-0CE9BF8D91CF}
		{81231277-2838-4922-B132-A769108E02C7} = {0261F744-9D1D-4774-B80E-0CE9BF8D91CF}
		{63A6DDD4-A82D-43CC-B4FF-0D941BD46C77} = {6C6B313B-80D2-44D2-B4E6-A4178A4EE5FE}
		{661F5709-63CA-4661-A468-21414BC11221} = {0261F744-9D1D-4774-B80E-0CE9BF8D91CF}
		{A00A5E4F-780B-4A50-A946-2D8FB839A2BD} = {0261F744-9D1D-4774-B80E-0CE9BF8D91CF}
	EndGlobalSection
	GlobalSection(ExtensibilityGlobals) = postSolution
		SolutionGuid = {EDEE870D-C5D7-435F-9030-2026EABC6EA8}
	EndGlobalSection
EndGlobal
