
Microsoft Visual Studio Solution File, Format Version 12.00
# Visual Studio Version 17
VisualStudioVersion = 17.0.31912.275
MinimumVisualStudioVersion = 10.0.40219.1
Project("{2150E333-8FDC-42A3-9474-1A3956D46DE8}") = "Core", "Core", "{5DC8F80F-EDEB-468F-95EC-7D5009F2BAC4}"
EndProject
Project("{2150E333-8FDC-42A3-9474-1A3956D46DE8}") = "Services", "Services", "{25964BD5-F49D-4B2B-B893-9402AB759FF3}"
EndProject
Project("{2150E333-8FDC-42A3-9474-1A3956D46DE8}") = "Cadastro", "Cadastro", "{6A42CE0C-BC26-42B6-8A86-DD6D2AE81DA2}"
EndProject
Project("{2150E333-8FDC-42A3-9474-1A3956D46DE8}") = "Auditoria", "Auditoria", "{464C73A7-9B04-4CCA-8D76-353A51144D28}"
EndProject
Project("{2150E333-8FDC-42A3-9474-1A3956D46DE8}") = "Email", "Email", "{E323BAD9-E0F1-40F5-B9E8-3AE456CCC56F}"
EndProject
Project("{2150E333-8FDC-42A3-9474-1A3956D46DE8}") = "Solution Items", "Solution Items", "{B9B26D68-0EDF-4D8E-ADAA-858623151EF0}"
	ProjectSection(SolutionItems) = preProject
		docker-compose.env.yml = docker-compose.env.yml
		README.md = README.md
	EndProjectSection
EndProject
Project("{9A19103F-16F7-4668-BE54-9A1E7A4F7556}") = "MSBase.Core", "src\Core\MSBase.Core\MSBase.Core.csproj", "{ED6A9573-E723-4509-9A6E-41E47A44618E}"
EndProject
Project("{9A19103F-16F7-4668-BE54-9A1E7A4F7556}") = "MSBase.Auditoria.API", "src\Services\MSBase.Auditoria\MSBase.Auditoria.API.csproj", "{EA99B5E0-BFF2-441B-ADD7-18B256349830}"
EndProject
Project("{9A19103F-16F7-4668-BE54-9A1E7A4F7556}") = "MSBase.Cadastro.API", "src\Services\MSBase.Cadastro\MSBase.Cadastro.API.csproj", "{4F3FAC74-4AB1-4E19-8035-C76F445A28D0}"
EndProject
Project("{9A19103F-16F7-4668-BE54-9A1E7A4F7556}") = "MSBase.EmailSender.API", "src\Services\MSBase.EmailSender.API\MSBase.EmailSender.API.csproj", "{8AD59045-2BF2-4E8A-BEF4-95FA9D770B7B}"
EndProject
Project("{9A19103F-16F7-4668-BE54-9A1E7A4F7556}") = "MSBase.EmailSender.Templates", "src\Services\MSBase.EmailSender.Templates\MSBase.EmailSender.Templates.csproj", "{DCD79DE9-6F54-46CC-8B54-8A73FAA6F370}"
EndProject
Project("{2150E333-8FDC-42A3-9474-1A3956D46DE8}") = "docker", "docker", "{2B9D146D-B852-4DA9-BE5E-61A56784A7DB}"
	ProjectSection(SolutionItems) = preProject
		docker-compose.env.yml = docker-compose.env.yml
	EndProjectSection
EndProject
Global
	GlobalSection(SolutionConfigurationPlatforms) = preSolution
		Debug|Any CPU = Debug|Any CPU
		Release|Any CPU = Release|Any CPU
	EndGlobalSection
	GlobalSection(ProjectConfigurationPlatforms) = postSolution
		{ED6A9573-E723-4509-9A6E-41E47A44618E}.Debug|Any CPU.ActiveCfg = Debug|Any CPU
		{ED6A9573-E723-4509-9A6E-41E47A44618E}.Debug|Any CPU.Build.0 = Debug|Any CPU
		{ED6A9573-E723-4509-9A6E-41E47A44618E}.Release|Any CPU.ActiveCfg = Release|Any CPU
		{ED6A9573-E723-4509-9A6E-41E47A44618E}.Release|Any CPU.Build.0 = Release|Any CPU
		{EA99B5E0-BFF2-441B-ADD7-18B256349830}.Debug|Any CPU.ActiveCfg = Debug|Any CPU
		{EA99B5E0-BFF2-441B-ADD7-18B256349830}.Debug|Any CPU.Build.0 = Debug|Any CPU
		{EA99B5E0-BFF2-441B-ADD7-18B256349830}.Release|Any CPU.ActiveCfg = Release|Any CPU
		{EA99B5E0-BFF2-441B-ADD7-18B256349830}.Release|Any CPU.Build.0 = Release|Any CPU
		{4F3FAC74-4AB1-4E19-8035-C76F445A28D0}.Debug|Any CPU.ActiveCfg = Debug|Any CPU
		{4F3FAC74-4AB1-4E19-8035-C76F445A28D0}.Debug|Any CPU.Build.0 = Debug|Any CPU
		{4F3FAC74-4AB1-4E19-8035-C76F445A28D0}.Release|Any CPU.ActiveCfg = Release|Any CPU
		{4F3FAC74-4AB1-4E19-8035-C76F445A28D0}.Release|Any CPU.Build.0 = Release|Any CPU
		{8AD59045-2BF2-4E8A-BEF4-95FA9D770B7B}.Debug|Any CPU.ActiveCfg = Debug|Any CPU
		{8AD59045-2BF2-4E8A-BEF4-95FA9D770B7B}.Debug|Any CPU.Build.0 = Debug|Any CPU
		{8AD59045-2BF2-4E8A-BEF4-95FA9D770B7B}.Release|Any CPU.ActiveCfg = Release|Any CPU
		{8AD59045-2BF2-4E8A-BEF4-95FA9D770B7B}.Release|Any CPU.Build.0 = Release|Any CPU
		{DCD79DE9-6F54-46CC-8B54-8A73FAA6F370}.Debug|Any CPU.ActiveCfg = Debug|Any CPU
		{DCD79DE9-6F54-46CC-8B54-8A73FAA6F370}.Debug|Any CPU.Build.0 = Debug|Any CPU
		{DCD79DE9-6F54-46CC-8B54-8A73FAA6F370}.Release|Any CPU.ActiveCfg = Release|Any CPU
		{DCD79DE9-6F54-46CC-8B54-8A73FAA6F370}.Release|Any CPU.Build.0 = Release|Any CPU
	EndGlobalSection
	GlobalSection(SolutionProperties) = preSolution
		HideSolutionNode = FALSE
	EndGlobalSection
	GlobalSection(NestedProjects) = preSolution
		{6A42CE0C-BC26-42B6-8A86-DD6D2AE81DA2} = {25964BD5-F49D-4B2B-B893-9402AB759FF3}
		{464C73A7-9B04-4CCA-8D76-353A51144D28} = {25964BD5-F49D-4B2B-B893-9402AB759FF3}
		{E323BAD9-E0F1-40F5-B9E8-3AE456CCC56F} = {25964BD5-F49D-4B2B-B893-9402AB759FF3}
		{ED6A9573-E723-4509-9A6E-41E47A44618E} = {5DC8F80F-EDEB-468F-95EC-7D5009F2BAC4}
		{EA99B5E0-BFF2-441B-ADD7-18B256349830} = {464C73A7-9B04-4CCA-8D76-353A51144D28}
		{4F3FAC74-4AB1-4E19-8035-C76F445A28D0} = {6A42CE0C-BC26-42B6-8A86-DD6D2AE81DA2}
		{8AD59045-2BF2-4E8A-BEF4-95FA9D770B7B} = {E323BAD9-E0F1-40F5-B9E8-3AE456CCC56F}
		{DCD79DE9-6F54-46CC-8B54-8A73FAA6F370} = {E323BAD9-E0F1-40F5-B9E8-3AE456CCC56F}
		{2B9D146D-B852-4DA9-BE5E-61A56784A7DB} = {B9B26D68-0EDF-4D8E-ADAA-858623151EF0}
	EndGlobalSection
	GlobalSection(ExtensibilityGlobals) = postSolution
		SolutionGuid = {EDEE870D-C5D7-435F-9030-2026EABC6EA8}
	EndGlobalSection
EndGlobal
