
Microsoft Visual Studio Solution File, Format Version 12.00
# Visual Studio Version 17
VisualStudioVersion = 17.0.31912.275
MinimumVisualStudioVersion = 10.0.40219.1
Project("{2150E333-8FDC-42A3-9474-1A3956D46DE8}") = "Core", "Core", "{5DC8F80F-EDEB-468F-95EC-7D5009F2BAC4}"
EndProject
Project("{2150E333-8FDC-42A3-9474-1A3956D46DE8}") = "Services", "Services", "{25964BD5-F49D-4B2B-B893-9402AB759FF3}"
EndProject
Project("{2150E333-8FDC-42A3-9474-1A3956D46DE8}") = "Cadastro", "Cadastro", "{6A42CE0C-BC26-42B6-8A86-DD6D2AE81DA2}"
EndProject
Project("{2150E333-8FDC-42A3-9474-1A3956D46DE8}") = "Auditoria", "Auditoria", "{464C73A7-9B04-4CCA-8D76-353A51144D28}"
EndProject
Project("{2150E333-8FDC-42A3-9474-1A3956D46DE8}") = "Email", "Email", "{E323BAD9-E0F1-40F5-B9E8-3AE456CCC56F}"
EndProject
Project("{2150E333-8FDC-42A3-9474-1A3956D46DE8}") = "Solution Items", "Solution Items", "{B9B26D68-0EDF-4D8E-ADAA-858623151EF0}"
	ProjectSection(SolutionItems) = preProject
		README.md = README.md
	EndProjectSection
EndProject
Project("{2150E333-8FDC-42A3-9474-1A3956D46DE8}") = "Docker", "Docker", "{14D13C3F-C6E2-4389-984D-FBA1D0730C75}"
	ProjectSection(SolutionItems) = preProject
		docker\.env.dev = docker\.env.dev
		docker\docker-compose-dev.yml = docker\docker-compose-dev.yml
	EndProjectSection
EndProject
Project("{9A19103F-16F7-4668-BE54-9A1E7A4F7556}") = "MSBase.Core", "Core\MSBase.Core\MSBase.Core.csproj", "{52E7AEA7-61D5-4B7F-B4C9-FDC0B54F693D}"
EndProject
Project("{9A19103F-16F7-4668-BE54-9A1E7A4F7556}") = "MSBase.Auditoria.API", "Services\MSBase.Auditoria\MSBase.Auditoria.API.csproj", "{DDCCF08F-8689-4CFE-A9D5-4DE986E9C6C6}"
EndProject
Project("{9A19103F-16F7-4668-BE54-9A1E7A4F7556}") = "MSBase.Cadastro.API", "Services\MSBase.Cadastro\MSBase.Cadastro.API.csproj", "{B7970838-111D-433C-BE4E-C02D32C6802D}"
EndProject
Project("{9A19103F-16F7-4668-BE54-9A1E7A4F7556}") = "MSBase.EmailSender.API", "Services\MSBase.EmailSender.API\MSBase.EmailSender.API.csproj", "{FDF9101A-EADE-4034-A2A9-EE149BBAA38B}"
EndProject
Project("{9A19103F-16F7-4668-BE54-9A1E7A4F7556}") = "MSBase.EmailSender.Templates", "Services\MSBase.EmailSender.Templates\MSBase.EmailSender.Templates.csproj", "{4A5091FD-41B8-4913-9A2C-B347BC65DEA6}"
EndProject
Global
	GlobalSection(SolutionConfigurationPlatforms) = preSolution
		Debug|Any CPU = Debug|Any CPU
		Release|Any CPU = Release|Any CPU
	EndGlobalSection
	GlobalSection(ProjectConfigurationPlatforms) = postSolution
		{52E7AEA7-61D5-4B7F-B4C9-FDC0B54F693D}.Debug|Any CPU.ActiveCfg = Debug|Any CPU
		{52E7AEA7-61D5-4B7F-B4C9-FDC0B54F693D}.Debug|Any CPU.Build.0 = Debug|Any CPU
		{52E7AEA7-61D5-4B7F-B4C9-FDC0B54F693D}.Release|Any CPU.ActiveCfg = Release|Any CPU
		{52E7AEA7-61D5-4B7F-B4C9-FDC0B54F693D}.Release|Any CPU.Build.0 = Release|Any CPU
		{DDCCF08F-8689-4CFE-A9D5-4DE986E9C6C6}.Debug|Any CPU.ActiveCfg = Debug|Any CPU
		{DDCCF08F-8689-4CFE-A9D5-4DE986E9C6C6}.Debug|Any CPU.Build.0 = Debug|Any CPU
		{DDCCF08F-8689-4CFE-A9D5-4DE986E9C6C6}.Release|Any CPU.ActiveCfg = Release|Any CPU
		{DDCCF08F-8689-4CFE-A9D5-4DE986E9C6C6}.Release|Any CPU.Build.0 = Release|Any CPU
		{B7970838-111D-433C-BE4E-C02D32C6802D}.Debug|Any CPU.ActiveCfg = Debug|Any CPU
		{B7970838-111D-433C-BE4E-C02D32C6802D}.Debug|Any CPU.Build.0 = Debug|Any CPU
		{B7970838-111D-433C-BE4E-C02D32C6802D}.Release|Any CPU.ActiveCfg = Release|Any CPU
		{B7970838-111D-433C-BE4E-C02D32C6802D}.Release|Any CPU.Build.0 = Release|Any CPU
		{FDF9101A-EADE-4034-A2A9-EE149BBAA38B}.Debug|Any CPU.ActiveCfg = Debug|Any CPU
		{FDF9101A-EADE-4034-A2A9-EE149BBAA38B}.Debug|Any CPU.Build.0 = Debug|Any CPU
		{FDF9101A-EADE-4034-A2A9-EE149BBAA38B}.Release|Any CPU.ActiveCfg = Release|Any CPU
		{FDF9101A-EADE-4034-A2A9-EE149BBAA38B}.Release|Any CPU.Build.0 = Release|Any CPU
		{4A5091FD-41B8-4913-9A2C-B347BC65DEA6}.Debug|Any CPU.ActiveCfg = Debug|Any CPU
		{4A5091FD-41B8-4913-9A2C-B347BC65DEA6}.Debug|Any CPU.Build.0 = Debug|Any CPU
		{4A5091FD-41B8-4913-9A2C-B347BC65DEA6}.Release|Any CPU.ActiveCfg = Release|Any CPU
		{4A5091FD-41B8-4913-9A2C-B347BC65DEA6}.Release|Any CPU.Build.0 = Release|Any CPU
	EndGlobalSection
	GlobalSection(SolutionProperties) = preSolution
		HideSolutionNode = FALSE
	EndGlobalSection
	GlobalSection(NestedProjects) = preSolution
		{6A42CE0C-BC26-42B6-8A86-DD6D2AE81DA2} = {25964BD5-F49D-4B2B-B893-9402AB759FF3}
		{464C73A7-9B04-4CCA-8D76-353A51144D28} = {25964BD5-F49D-4B2B-B893-9402AB759FF3}
		{E323BAD9-E0F1-40F5-B9E8-3AE456CCC56F} = {25964BD5-F49D-4B2B-B893-9402AB759FF3}
		{14D13C3F-C6E2-4389-984D-FBA1D0730C75} = {B9B26D68-0EDF-4D8E-ADAA-858623151EF0}
		{52E7AEA7-61D5-4B7F-B4C9-FDC0B54F693D} = {5DC8F80F-EDEB-468F-95EC-7D5009F2BAC4}
		{DDCCF08F-8689-4CFE-A9D5-4DE986E9C6C6} = {464C73A7-9B04-4CCA-8D76-353A51144D28}
		{B7970838-111D-433C-BE4E-C02D32C6802D} = {6A42CE0C-BC26-42B6-8A86-DD6D2AE81DA2}
		{FDF9101A-EADE-4034-A2A9-EE149BBAA38B} = {E323BAD9-E0F1-40F5-B9E8-3AE456CCC56F}
		{4A5091FD-41B8-4913-9A2C-B347BC65DEA6} = {E323BAD9-E0F1-40F5-B9E8-3AE456CCC56F}
	EndGlobalSection
	GlobalSection(ExtensibilityGlobals) = postSolution
		SolutionGuid = {EDEE870D-C5D7-435F-9030-2026EABC6EA8}
	EndGlobalSection
EndGlobal
